# This file is automatically @generated by Cargo.
# It is not intended for manual editing.
version = 4

[[package]]
name = "calyx-check"
version = "0.0.1"
dependencies = [
 "calyx-syntax",
]

[[package]]
name = "calyx-cli"
version = "0.0.1"
dependencies = [
 "calyx-check",
]

[[package]]
name = "calyx-ir"
version = "0.0.1"

[[package]]
name = "calyx-syntax"
version = "0.0.1"
